// !$*UTF8*$!
{
	archiveVersion = 1;
	classes = {
	};
	objectVersion = 56;
	objects = {

/* Begin PBXBuildFile section */
		AA01F47129C606E200D0115A /* AppDelegate.swift in Sources */ = {isa = PBXBuildFile; fileRef = AA01F47029C606E200D0115A /* AppDelegate.swift */; };
		AA01F47329C606E200D0115A /* SceneDelegate.swift in Sources */ = {isa = PBXBuildFile; fileRef = AA01F47229C606E200D0115A /* SceneDelegate.swift */; };
		AA01F47529C606E200D0115A /* ContentViewController.swift in Sources */ = {isa = PBXBuildFile; fileRef = AA01F47429C606E200D0115A /* ContentViewController.swift */; };
		AA01F47A29C606E400D0115A /* Assets.xcassets in Resources */ = {isa = PBXBuildFile; fileRef = AA01F47929C606E400D0115A /* Assets.xcassets */; };
		AA01F47D29C606E400D0115A /* LaunchScreen.storyboard in Resources */ = {isa = PBXBuildFile; fileRef = AA01F47B29C606E400D0115A /* LaunchScreen.storyboard */; };
		AA01F48E29C6089600D0115A /* tv_retro.usdz in Resources */ = {isa = PBXBuildFile; fileRef = AA01F48529C6089200D0115A /* tv_retro.usdz */; };
		AA01F48F29C6089600D0115A /* wateringcan.usdz in Resources */ = {isa = PBXBuildFile; fileRef = AA01F48629C6089200D0115A /* wateringcan.usdz */; };
		AA01F49029C6089600D0115A /* flower_tulip.usdz in Resources */ = {isa = PBXBuildFile; fileRef = AA01F48729C6089300D0115A /* flower_tulip.usdz */; };
		AA01F49229C6089600D0115A /* gramophone.usdz in Resources */ = {isa = PBXBuildFile; fileRef = AA01F48929C6089400D0115A /* gramophone.usdz */; };
		AA01F49929C60A5C00D0115A /* UIColor+.swift in Sources */ = {isa = PBXBuildFile; fileRef = AA01F49829C60A5C00D0115A /* UIColor+.swift */; };
		AAA7288229C61CC2007FD4EC /* UITabBar+.swift in Sources */ = {isa = PBXBuildFile; fileRef = AAA7288129C61CC2007FD4EC /* UITabBar+.swift */; };
		AAA7288429C61D24007FD4EC /* CALayer+.swift in Sources */ = {isa = PBXBuildFile; fileRef = AAA7288329C61D24007FD4EC /* CALayer+.swift */; };
/* End PBXBuildFile section */

/* Begin PBXFileReference section */
		AA01F46D29C606E200D0115A /* Sharin.app */ = {isa = PBXFileReference; explicitFileType = wrapper.application; includeInIndex = 0; path = Sharin.app; sourceTree = BUILT_PRODUCTS_DIR; };
		AA01F47029C606E200D0115A /* AppDelegate.swift */ = {isa = PBXFileReference; lastKnownFileType = sourcecode.swift; path = AppDelegate.swift; sourceTree = "<group>"; };
		AA01F47229C606E200D0115A /* SceneDelegate.swift */ = {isa = PBXFileReference; lastKnownFileType = sourcecode.swift; path = SceneDelegate.swift; sourceTree = "<group>"; };
		AA01F47429C606E200D0115A /* ContentViewController.swift */ = {isa = PBXFileReference; lastKnownFileType = sourcecode.swift; path = ContentViewController.swift; sourceTree = "<group>"; };
		AA01F47929C606E400D0115A /* Assets.xcassets */ = {isa = PBXFileReference; lastKnownFileType = folder.assetcatalog; path = Assets.xcassets; sourceTree = "<group>"; };
		AA01F47C29C606E400D0115A /* Base */ = {isa = PBXFileReference; lastKnownFileType = file.storyboard; name = Base; path = Base.lproj/LaunchScreen.storyboard; sourceTree = "<group>"; };
		AA01F47E29C606E400D0115A /* Info.plist */ = {isa = PBXFileReference; lastKnownFileType = text.plist.xml; path = Info.plist; sourceTree = "<group>"; };
		AA01F48529C6089200D0115A /* tv_retro.usdz */ = {isa = PBXFileReference; lastKnownFileType = file.usdz; path = tv_retro.usdz; sourceTree = "<group>"; };
		AA01F48629C6089200D0115A /* wateringcan.usdz */ = {isa = PBXFileReference; lastKnownFileType = file.usdz; path = wateringcan.usdz; sourceTree = "<group>"; };
		AA01F48729C6089300D0115A /* flower_tulip.usdz */ = {isa = PBXFileReference; lastKnownFileType = file.usdz; path = flower_tulip.usdz; sourceTree = "<group>"; };
		AA01F48929C6089400D0115A /* gramophone.usdz */ = {isa = PBXFileReference; lastKnownFileType = file.usdz; path = gramophone.usdz; sourceTree = "<group>"; };
		AA01F49829C60A5C00D0115A /* UIColor+.swift */ = {isa = PBXFileReference; lastKnownFileType = sourcecode.swift; path = "UIColor+.swift"; sourceTree = "<group>"; };
		AAA7288129C61CC2007FD4EC /* UITabBar+.swift */ = {isa = PBXFileReference; lastKnownFileType = sourcecode.swift; path = "UITabBar+.swift"; sourceTree = "<group>"; };
		AAA7288329C61D24007FD4EC /* CALayer+.swift */ = {isa = PBXFileReference; lastKnownFileType = sourcecode.swift; path = "CALayer+.swift"; sourceTree = "<group>"; };
/* End PBXFileReference section */

/* Begin PBXFrameworksBuildPhase section */
		AA01F46A29C606E200D0115A /* Frameworks */ = {
			isa = PBXFrameworksBuildPhase;
			buildActionMask = 2147483647;
			files = (
			);
			runOnlyForDeploymentPostprocessing = 0;
		};
/* End PBXFrameworksBuildPhase section */

/* Begin PBXGroup section */
		AA01F46429C606E200D0115A = {
			isa = PBXGroup;
			children = (
				AA01F46F29C606E200D0115A /* Sharin */,
				AA01F46E29C606E200D0115A /* Products */,
			);
			sourceTree = "<group>";
		};
		AA01F46E29C606E200D0115A /* Products */ = {
			isa = PBXGroup;
			children = (
				AA01F46D29C606E200D0115A /* Sharin.app */,
			);
			name = Products;
			sourceTree = "<group>";
		};
		AA01F46F29C606E200D0115A /* Sharin */ = {
			isa = PBXGroup;
			children = (
				AA01F47029C606E200D0115A /* AppDelegate.swift */,
				AA01F47229C606E200D0115A /* SceneDelegate.swift */,
				AA01F47429C606E200D0115A /* ContentViewController.swift */,
				AA01F49729C60A4D00D0115A /* Extension */,
				AA01F47929C606E400D0115A /* Assets.xcassets */,
				AA01F48429C6088000D0115A /* contents */,
				AA01F47B29C606E400D0115A /* LaunchScreen.storyboard */,
				AA01F47E29C606E400D0115A /* Info.plist */,
			);
			path = Sharin;
			sourceTree = "<group>";
		};
		AA01F48429C6088000D0115A /* contents */ = {
			isa = PBXGroup;
			children = (
				AA01F48729C6089300D0115A /* flower_tulip.usdz */,
				AA01F48929C6089400D0115A /* gramophone.usdz */,
				AA01F48529C6089200D0115A /* tv_retro.usdz */,
				AA01F48629C6089200D0115A /* wateringcan.usdz */,
			);
			path = contents;
			sourceTree = "<group>";
		};
		AA01F49729C60A4D00D0115A /* Extension */ = {
			isa = PBXGroup;
			children = (
				AA01F49829C60A5C00D0115A /* UIColor+.swift */,
				AAA7288329C61D24007FD4EC /* CALayer+.swift */,
				AAA7288129C61CC2007FD4EC /* UITabBar+.swift */,
			);
			path = Extension;
			sourceTree = "<group>";
		};
/* End PBXGroup section */

/* Begin PBXNativeTarget section */
		AA01F46C29C606E200D0115A /* Sharin */ = {
			isa = PBXNativeTarget;
			buildConfigurationList = AA01F48129C606E400D0115A /* Build configuration list for PBXNativeTarget "Sharin" */;
			buildPhases = (
				AA01F46929C606E200D0115A /* Sources */,
				AA01F46A29C606E200D0115A /* Frameworks */,
				AA01F46B29C606E200D0115A /* Resources */,
			);
			buildRules = (
			);
			dependencies = (
			);
			name = Sharin;
			productName = Sharin;
			productReference = AA01F46D29C606E200D0115A /* Sharin.app */;
			productType = "com.apple.product-type.application";
		};
/* End PBXNativeTarget section */

/* Begin PBXProject section */
		AA01F46529C606E200D0115A /* Project object */ = {
			isa = PBXProject;
			attributes = {
				BuildIndependentTargetsInParallel = 1;
				LastSwiftUpdateCheck = 1420;
				LastUpgradeCheck = 1420;
				TargetAttributes = {
					AA01F46C29C606E200D0115A = {
						CreatedOnToolsVersion = 14.2;
					};
				};
			};
			buildConfigurationList = AA01F46829C606E200D0115A /* Build configuration list for PBXProject "Sharin" */;
			compatibilityVersion = "Xcode 14.0";
			developmentRegion = en;
			hasScannedForEncodings = 0;
			knownRegions = (
				en,
				Base,
			);
			mainGroup = AA01F46429C606E200D0115A;
			productRefGroup = AA01F46E29C606E200D0115A /* Products */;
			projectDirPath = "";
			projectRoot = "";
			targets = (
				AA01F46C29C606E200D0115A /* Sharin */,
			);
		};
/* End PBXProject section */

/* Begin PBXResourcesBuildPhase section */
		AA01F46B29C606E200D0115A /* Resources */ = {
			isa = PBXResourcesBuildPhase;
			buildActionMask = 2147483647;
			files = (
				AA01F47D29C606E400D0115A /* LaunchScreen.storyboard in Resources */,
				AA01F47A29C606E400D0115A /* Assets.xcassets in Resources */,
				AA01F49229C6089600D0115A /* gramophone.usdz in Resources */,
				AA01F48E29C6089600D0115A /* tv_retro.usdz in Resources */,
				AA01F49029C6089600D0115A /* flower_tulip.usdz in Resources */,
				AA01F48F29C6089600D0115A /* wateringcan.usdz in Resources */,
			);
			runOnlyForDeploymentPostprocessing = 0;
		};
/* End PBXResourcesBuildPhase section */

/* Begin PBXSourcesBuildPhase section */
		AA01F46929C606E200D0115A /* Sources */ = {
			isa = PBXSourcesBuildPhase;
			buildActionMask = 2147483647;
			files = (
				AA01F47529C606E200D0115A /* ContentViewController.swift in Sources */,
				AAA7288429C61D24007FD4EC /* CALayer+.swift in Sources */,
				AA01F49929C60A5C00D0115A /* UIColor+.swift in Sources */,
				AA01F47129C606E200D0115A /* AppDelegate.swift in Sources */,
				AAA7288229C61CC2007FD4EC /* UITabBar+.swift in Sources */,
				AA01F47329C606E200D0115A /* SceneDelegate.swift in Sources */,
			);
			runOnlyForDeploymentPostprocessing = 0;
		};
/* End PBXSourcesBuildPhase section */

/* Begin PBXVariantGroup section */
		AA01F47B29C606E400D0115A /* LaunchScreen.storyboard */ = {
			isa = PBXVariantGroup;
			children = (
				AA01F47C29C606E400D0115A /* Base */,
			);
			name = LaunchScreen.storyboard;
			sourceTree = "<group>";
		};
/* End PBXVariantGroup section */

/* Begin XCBuildConfiguration section */
		AA01F47F29C606E400D0115A /* Debug */ = {
			isa = XCBuildConfiguration;
			buildSettings = {
				ALWAYS_SEARCH_USER_PATHS = NO;
				CLANG_ANALYZER_NONNULL = YES;
				CLANG_ANALYZER_NUMBER_OBJECT_CONVERSION = YES_AGGRESSIVE;
				CLANG_CXX_LANGUAGE_STANDARD = "gnu++20";
				CLANG_ENABLE_MODULES = YES;
				CLANG_ENABLE_OBJC_ARC = YES;
				CLANG_ENABLE_OBJC_WEAK = YES;
				CLANG_WARN_BLOCK_CAPTURE_AUTORELEASING = YES;
				CLANG_WARN_BOOL_CONVERSION = YES;
				CLANG_WARN_COMMA = YES;
				CLANG_WARN_CONSTANT_CONVERSION = YES;
				CLANG_WARN_DEPRECATED_OBJC_IMPLEMENTATIONS = YES;
				CLANG_WARN_DIRECT_OBJC_ISA_USAGE = YES_ERROR;
				CLANG_WARN_DOCUMENTATION_COMMENTS = YES;
				CLANG_WARN_EMPTY_BODY = YES;
				CLANG_WARN_ENUM_CONVERSION = YES;
				CLANG_WARN_INFINITE_RECURSION = YES;
				CLANG_WARN_INT_CONVERSION = YES;
				CLANG_WARN_NON_LITERAL_NULL_CONVERSION = YES;
				CLANG_WARN_OBJC_IMPLICIT_RETAIN_SELF = YES;
				CLANG_WARN_OBJC_LITERAL_CONVERSION = YES;
				CLANG_WARN_OBJC_ROOT_CLASS = YES_ERROR;
				CLANG_WARN_QUOTED_INCLUDE_IN_FRAMEWORK_HEADER = YES;
				CLANG_WARN_RANGE_LOOP_ANALYSIS = YES;
				CLANG_WARN_STRICT_PROTOTYPES = YES;
				CLANG_WARN_SUSPICIOUS_MOVE = YES;
				CLANG_WARN_UNGUARDED_AVAILABILITY = YES_AGGRESSIVE;
				CLANG_WARN_UNREACHABLE_CODE = YES;
				CLANG_WARN__DUPLICATE_METHOD_MATCH = YES;
				COPY_PHASE_STRIP = NO;
				DEBUG_INFORMATION_FORMAT = dwarf;
				ENABLE_STRICT_OBJC_MSGSEND = YES;
				ENABLE_TESTABILITY = YES;
				GCC_C_LANGUAGE_STANDARD = gnu11;
				GCC_DYNAMIC_NO_PIC = NO;
				GCC_NO_COMMON_BLOCKS = YES;
				GCC_OPTIMIZATION_LEVEL = 0;
				GCC_PREPROCESSOR_DEFINITIONS = (
					"DEBUG=1",
					"$(inherited)",
				);
				GCC_WARN_64_TO_32_BIT_CONVERSION = YES;
				GCC_WARN_ABOUT_RETURN_TYPE = YES_ERROR;
				GCC_WARN_UNDECLARED_SELECTOR = YES;
				GCC_WARN_UNINITIALIZED_AUTOS = YES_AGGRESSIVE;
				GCC_WARN_UNUSED_FUNCTION = YES;
				GCC_WARN_UNUSED_VARIABLE = YES;
				IPHONEOS_DEPLOYMENT_TARGET = 16.2;
				MTL_ENABLE_DEBUG_INFO = INCLUDE_SOURCE;
				MTL_FAST_MATH = YES;
				ONLY_ACTIVE_ARCH = YES;
				SDKROOT = iphoneos;
				SWIFT_ACTIVE_COMPILATION_CONDITIONS = DEBUG;
				SWIFT_OPTIMIZATION_LEVEL = "-Onone";
			};
			name = Debug;
		};
		AA01F48029C606E400D0115A /* Release */ = {
			isa = XCBuildConfiguration;
			buildSettings = {
				ALWAYS_SEARCH_USER_PATHS = NO;
				CLANG_ANALYZER_NONNULL = YES;
				CLANG_ANALYZER_NUMBER_OBJECT_CONVERSION = YES_AGGRESSIVE;
				CLANG_CXX_LANGUAGE_STANDARD = "gnu++20";
				CLANG_ENABLE_MODULES = YES;
				CLANG_ENABLE_OBJC_ARC = YES;
				CLANG_ENABLE_OBJC_WEAK = YES;
				CLANG_WARN_BLOCK_CAPTURE_AUTORELEASING = YES;
				CLANG_WARN_BOOL_CONVERSION = YES;
				CLANG_WARN_COMMA = YES;
				CLANG_WARN_CONSTANT_CONVERSION = YES;
				CLANG_WARN_DEPRECATED_OBJC_IMPLEMENTATIONS = YES;
				CLANG_WARN_DIRECT_OBJC_ISA_USAGE = YES_ERROR;
				CLANG_WARN_DOCUMENTATION_COMMENTS = YES;
				CLANG_WARN_EMPTY_BODY = YES;
				CLANG_WARN_ENUM_CONVERSION = YES;
				CLANG_WARN_INFINITE_RECURSION = YES;
				CLANG_WARN_INT_CONVERSION = YES;
				CLANG_WARN_NON_LITERAL_NULL_CONVERSION = YES;
				CLANG_WARN_OBJC_IMPLICIT_RETAIN_SELF = YES;
				CLANG_WARN_OBJC_LITERAL_CONVERSION = YES;
				CLANG_WARN_OBJC_ROOT_CLASS = YES_ERROR;
				CLANG_WARN_QUOTED_INCLUDE_IN_FRAMEWORK_HEADER = YES;
				CLANG_WARN_RANGE_LOOP_ANALYSIS = YES;
				CLANG_WARN_STRICT_PROTOTYPES = YES;
				CLANG_WARN_SUSPICIOUS_MOVE = YES;
				CLANG_WARN_UNGUARDED_AVAILABILITY = YES_AGGRESSIVE;
				CLANG_WARN_UNREACHABLE_CODE = YES;
				CLANG_WARN__DUPLICATE_METHOD_MATCH = YES;
				COPY_PHASE_STRIP = NO;
				DEBUG_INFORMATION_FORMAT = "dwarf-with-dsym";
				ENABLE_NS_ASSERTIONS = NO;
				ENABLE_STRICT_OBJC_MSGSEND = YES;
				GCC_C_LANGUAGE_STANDARD = gnu11;
				GCC_NO_COMMON_BLOCKS = YES;
				GCC_WARN_64_TO_32_BIT_CONVERSION = YES;
				GCC_WARN_ABOUT_RETURN_TYPE = YES_ERROR;
				GCC_WARN_UNDECLARED_SELECTOR = YES;
				GCC_WARN_UNINITIALIZED_AUTOS = YES_AGGRESSIVE;
				GCC_WARN_UNUSED_FUNCTION = YES;
				GCC_WARN_UNUSED_VARIABLE = YES;
				IPHONEOS_DEPLOYMENT_TARGET = 16.2;
				MTL_ENABLE_DEBUG_INFO = NO;
				MTL_FAST_MATH = YES;
				SDKROOT = iphoneos;
				SWIFT_COMPILATION_MODE = wholemodule;
				SWIFT_OPTIMIZATION_LEVEL = "-O";
				VALIDATE_PRODUCT = YES;
			};
			name = Release;
		};
		AA01F48229C606E400D0115A /* Debug */ = {
			isa = XCBuildConfiguration;
			buildSettings = {
				ASSETCATALOG_COMPILER_APPICON_NAME = AppIcon;
				ASSETCATALOG_COMPILER_GLOBAL_ACCENT_COLOR_NAME = AccentColor;
				CODE_SIGN_STYLE = Automatic;
				CURRENT_PROJECT_VERSION = 1;
				DEVELOPMENT_TEAM = WPL7Q42L8U;
				GENERATE_INFOPLIST_FILE = YES;
				INFOPLIST_FILE = Sharin/Info.plist;
				INFOPLIST_KEY_CFBundleDisplayName = Sharin;
				INFOPLIST_KEY_LSApplicationCategoryType = "public.app-category.social-networking";
				INFOPLIST_KEY_UIApplicationSupportsIndirectInputEvents = YES;
				INFOPLIST_KEY_UILaunchStoryboardName = LaunchScreen;
				INFOPLIST_KEY_UISupportedInterfaceOrientations_iPad = "UIInterfaceOrientationPortrait UIInterfaceOrientationPortraitUpsideDown UIInterfaceOrientationLandscapeLeft UIInterfaceOrientationLandscapeRight";
				INFOPLIST_KEY_UISupportedInterfaceOrientations_iPhone = "UIInterfaceOrientationPortrait UIInterfaceOrientationLandscapeLeft UIInterfaceOrientationLandscapeRight";
				LD_RUNPATH_SEARCH_PATHS = (
					"$(inherited)",
					"@executable_path/Frameworks",
				);
				MARKETING_VERSION = 1.0;
				PRODUCT_BUNDLE_IDENTIFIER = com.skh.Sharin;
				PRODUCT_NAME = "$(TARGET_NAME)";
				SWIFT_EMIT_LOC_STRINGS = YES;
				SWIFT_VERSION = 5.0;
				TARGETED_DEVICE_FAMILY = "1,2";
			};
			name = Debug;
		};
		AA01F48329C606E400D0115A /* Release */ = {
			isa = XCBuildConfiguration;
			buildSettings = {
				ASSETCATALOG_COMPILER_APPICON_NAME = AppIcon;
				ASSETCATALOG_COMPILER_GLOBAL_ACCENT_COLOR_NAME = AccentColor;
				CODE_SIGN_STYLE = Automatic;
				CURRENT_PROJECT_VERSION = 1;
				DEVELOPMENT_TEAM = WPL7Q42L8U;
				GENERATE_INFOPLIST_FILE = YES;
				INFOPLIST_FILE = Sharin/Info.plist;
				INFOPLIST_KEY_CFBundleDisplayName = Sharin;
				INFOPLIST_KEY_LSApplicationCategoryType = "public.app-category.social-networking";
				INFOPLIST_KEY_UIApplicationSupportsIndirectInputEvents = YES;
				INFOPLIST_KEY_UILaunchStoryboardName = LaunchScreen;
				INFOPLIST_KEY_UISupportedInterfaceOrientations_iPad = "UIInterfaceOrientationPortrait UIInterfaceOrientationPortraitUpsideDown UIInterfaceOrientationLandscapeLeft UIInterfaceOrientationLandscapeRight";
				INFOPLIST_KEY_UISupportedInterfaceOrientations_iPhone = "UIInterfaceOrientationPortrait UIInterfaceOrientationLandscapeLeft UIInterfaceOrientationLandscapeRight";
				LD_RUNPATH_SEARCH_PATHS = (
					"$(inherited)",
					"@executable_path/Frameworks",
				);
				MARKETING_VERSION = 1.0;
				PRODUCT_BUNDLE_IDENTIFIER = com.skh.Sharin;
				PRODUCT_NAME = "$(TARGET_NAME)";
				SWIFT_EMIT_LOC_STRINGS = YES;
				SWIFT_VERSION = 5.0;
				TARGETED_DEVICE_FAMILY = "1,2";
			};
			name = Release;
		};
/* End XCBuildConfiguration section */

/* Begin XCConfigurationList section */
		AA01F46829C606E200D0115A /* Build configuration list for PBXProject "Sharin" */ = {
			isa = XCConfigurationList;
			buildConfigurations = (
				AA01F47F29C606E400D0115A /* Debug */,
				AA01F48029C606E400D0115A /* Release */,
			);
			defaultConfigurationIsVisible = 0;
			defaultConfigurationName = Release;
		};
		AA01F48129C606E400D0115A /* Build configuration list for PBXNativeTarget "Sharin" */ = {
			isa = XCConfigurationList;
			buildConfigurations = (
				AA01F48229C606E400D0115A /* Debug */,
				AA01F48329C606E400D0115A /* Release */,
			);
			defaultConfigurationIsVisible = 0;
			defaultConfigurationName = Release;
		};
/* End XCConfigurationList section */
	};
	rootObject = AA01F46529C606E200D0115A /* Project object */;
}
