// !$*UTF8*$!
{
	archiveVersion = 1;
	classes = {
	};
	objectVersion = 56;
	objects = {

/* Begin PBXBuildFile section */
		6F9CF97929F166420015BE16 /* SharinButtonView.swift in Sources */ = {isa = PBXBuildFile; fileRef = 6F9CF97829F166420015BE16 /* SharinButtonView.swift */; };
		AA01F47129C606E200D0115A /* AppDelegate.swift in Sources */ = {isa = PBXBuildFile; fileRef = AA01F47029C606E200D0115A /* AppDelegate.swift */; };
		AA01F47329C606E200D0115A /* SceneDelegate.swift in Sources */ = {isa = PBXBuildFile; fileRef = AA01F47229C606E200D0115A /* SceneDelegate.swift */; };
		AA01F47529C606E200D0115A /* ContentViewController.swift in Sources */ = {isa = PBXBuildFile; fileRef = AA01F47429C606E200D0115A /* ContentViewController.swift */; };
		AA01F47A29C606E400D0115A /* Assets.xcassets in Resources */ = {isa = PBXBuildFile; fileRef = AA01F47929C606E400D0115A /* Assets.xcassets */; };
		AA01F47D29C606E400D0115A /* LaunchScreen.storyboard in Resources */ = {isa = PBXBuildFile; fileRef = AA01F47B29C606E400D0115A /* LaunchScreen.storyboard */; };
		AA01F48E29C6089600D0115A /* tv_retro.usdz in Resources */ = {isa = PBXBuildFile; fileRef = AA01F48529C6089200D0115A /* tv_retro.usdz */; };
		AA01F48F29C6089600D0115A /* wateringcan.usdz in Resources */ = {isa = PBXBuildFile; fileRef = AA01F48629C6089200D0115A /* wateringcan.usdz */; };
		AA01F49029C6089600D0115A /* flower_tulip.usdz in Resources */ = {isa = PBXBuildFile; fileRef = AA01F48729C6089300D0115A /* flower_tulip.usdz */; };
		AA01F49229C6089600D0115A /* gramophone.usdz in Resources */ = {isa = PBXBuildFile; fileRef = AA01F48929C6089400D0115A /* gramophone.usdz */; };
		AA01F49929C60A5C00D0115A /* UIColor+.swift in Sources */ = {isa = PBXBuildFile; fileRef = AA01F49829C60A5C00D0115A /* UIColor+.swift */; };
		AA01FD9829F5AB7100560C4A /* ItemStore.swift in Sources */ = {isa = PBXBuildFile; fileRef = AA01FD9729F5AB7100560C4A /* ItemStore.swift */; };
		AA01FD9A29F6433C00560C4A /* UIImageView+.swift in Sources */ = {isa = PBXBuildFile; fileRef = AA01FD9929F6433C00560C4A /* UIImageView+.swift */; };
		AA01FD9E29F6664800560C4A /* NetworkManager.swift in Sources */ = {isa = PBXBuildFile; fileRef = AA01FD9D29F6664800560C4A /* NetworkManager.swift */; };
		AAA314E229D6A201007502E2 /* SharinButton.swift in Sources */ = {isa = PBXBuildFile; fileRef = AAA314DB29D6A201007502E2 /* SharinButton.swift */; };
		AAA314E329D6A201007502E2 /* CameraViewModel.swift in Sources */ = {isa = PBXBuildFile; fileRef = AAA314DC29D6A201007502E2 /* CameraViewModel.swift */; };
		AAA314E429D6A201007502E2 /* ItemCell.swift in Sources */ = {isa = PBXBuildFile; fileRef = AAA314DE29D6A201007502E2 /* ItemCell.swift */; };
		AAA314E529D6A201007502E2 /* ItemPickerViewController.swift in Sources */ = {isa = PBXBuildFile; fileRef = AAA314DF29D6A201007502E2 /* ItemPickerViewController.swift */; };
		AAA314E629D6A201007502E2 /* ItemPickerViewModel.swift in Sources */ = {isa = PBXBuildFile; fileRef = AAA314E029D6A201007502E2 /* ItemPickerViewModel.swift */; };
		AAA314E729D6A201007502E2 /* CameraViewController.swift in Sources */ = {isa = PBXBuildFile; fileRef = AAA314E129D6A201007502E2 /* CameraViewController.swift */; };
		AAA314EC29D6A23D007502E2 /* Item.swift in Sources */ = {isa = PBXBuildFile; fileRef = AAA314EB29D6A23D007502E2 /* Item.swift */; };
		AAA314EE29D6A25C007502E2 /* UIButton+.swift in Sources */ = {isa = PBXBuildFile; fileRef = AAA314ED29D6A25C007502E2 /* UIButton+.swift */; };
		AAA314F029D6A2F8007502E2 /* CALayer+.swift in Sources */ = {isa = PBXBuildFile; fileRef = AAA314EF29D6A2F8007502E2 /* CALayer+.swift */; };
		AAA7288229C61CC2007FD4EC /* UITabBar+.swift in Sources */ = {isa = PBXBuildFile; fileRef = AAA7288129C61CC2007FD4EC /* UITabBar+.swift */; };
		AAC3C1C729F59CA80083EE12 /* GoogleService-Info.plist in Resources */ = {isa = PBXBuildFile; fileRef = AAC3C1C629F59CA80083EE12 /* GoogleService-Info.plist */; };
		AAC3C1CA29F59D460083EE12 /* FirebaseFirestore in Frameworks */ = {isa = PBXBuildFile; productRef = AAC3C1C929F59D460083EE12 /* FirebaseFirestore */; };
		AAC3C1CC29F59D460083EE12 /* FirebaseFirestoreCombine-Community in Frameworks */ = {isa = PBXBuildFile; productRef = AAC3C1CB29F59D460083EE12 /* FirebaseFirestoreCombine-Community */; };
		AAC3C1CE29F59D460083EE12 /* FirebaseFirestoreSwift in Frameworks */ = {isa = PBXBuildFile; productRef = AAC3C1CD29F59D460083EE12 /* FirebaseFirestoreSwift */; };
		AAC3C7AC29DC270800E7CE58 /* CombineCocoa in Frameworks */ = {isa = PBXBuildFile; productRef = AAC3C7AB29DC270800E7CE58 /* CombineCocoa */; };
		AAC3C7AE29DC285A00E7CE58 /* UIStackView+.swift in Sources */ = {isa = PBXBuildFile; fileRef = AAC3C7AD29DC285A00E7CE58 /* UIStackView+.swift */; };
		AAC3C7B329DC62CC00E7CE58 /* CameraViewController+Option.swift in Sources */ = {isa = PBXBuildFile; fileRef = AAC3C7B229DC62CC00E7CE58 /* CameraViewController+Option.swift */; };
		AAC3C7B529DC641A00E7CE58 /* CameraViewController+ARCoachingOverlayViewDelegate.swift in Sources */ = {isa = PBXBuildFile; fileRef = AAC3C7B429DC641A00E7CE58 /* CameraViewController+ARCoachingOverlayViewDelegate.swift */; };
		AAC3C7B729DC656700E7CE58 /* CameraViewController+ARSessionDelegate.swift in Sources */ = {isa = PBXBuildFile; fileRef = AAC3C7B629DC656700E7CE58 /* CameraViewController+ARSessionDelegate.swift */; };
		AAC3C7BA29DC719E00E7CE58 /* FocusEntity in Frameworks */ = {isa = PBXBuildFile; productRef = AAC3C7B929DC719E00E7CE58 /* FocusEntity */; };
		AAC3C7BC29DC721800E7CE58 /* FocusARView.swift in Sources */ = {isa = PBXBuildFile; fileRef = AAC3C7BB29DC721800E7CE58 /* FocusARView.swift */; };
/* End PBXBuildFile section */

/* Begin PBXFileReference section */
		6F9CF97829F166420015BE16 /* SharinButtonView.swift */ = {isa = PBXFileReference; lastKnownFileType = sourcecode.swift; path = SharinButtonView.swift; sourceTree = "<group>"; };
		AA01F46D29C606E200D0115A /* Sharin.app */ = {isa = PBXFileReference; explicitFileType = wrapper.application; includeInIndex = 0; path = Sharin.app; sourceTree = BUILT_PRODUCTS_DIR; };
		AA01F47029C606E200D0115A /* AppDelegate.swift */ = {isa = PBXFileReference; lastKnownFileType = sourcecode.swift; path = AppDelegate.swift; sourceTree = "<group>"; };
		AA01F47229C606E200D0115A /* SceneDelegate.swift */ = {isa = PBXFileReference; lastKnownFileType = sourcecode.swift; path = SceneDelegate.swift; sourceTree = "<group>"; };
		AA01F47429C606E200D0115A /* ContentViewController.swift */ = {isa = PBXFileReference; lastKnownFileType = sourcecode.swift; path = ContentViewController.swift; sourceTree = "<group>"; };
		AA01F47929C606E400D0115A /* Assets.xcassets */ = {isa = PBXFileReference; lastKnownFileType = folder.assetcatalog; path = Assets.xcassets; sourceTree = "<group>"; };
		AA01F47C29C606E400D0115A /* Base */ = {isa = PBXFileReference; lastKnownFileType = file.storyboard; name = Base; path = Base.lproj/LaunchScreen.storyboard; sourceTree = "<group>"; };
		AA01F47E29C606E400D0115A /* Info.plist */ = {isa = PBXFileReference; lastKnownFileType = text.plist.xml; path = Info.plist; sourceTree = "<group>"; };
		AA01F48529C6089200D0115A /* tv_retro.usdz */ = {isa = PBXFileReference; lastKnownFileType = file.usdz; path = tv_retro.usdz; sourceTree = "<group>"; };
		AA01F48629C6089200D0115A /* wateringcan.usdz */ = {isa = PBXFileReference; lastKnownFileType = file.usdz; path = wateringcan.usdz; sourceTree = "<group>"; };
		AA01F48729C6089300D0115A /* flower_tulip.usdz */ = {isa = PBXFileReference; lastKnownFileType = file.usdz; path = flower_tulip.usdz; sourceTree = "<group>"; };
		AA01F48929C6089400D0115A /* gramophone.usdz */ = {isa = PBXFileReference; lastKnownFileType = file.usdz; path = gramophone.usdz; sourceTree = "<group>"; };
		AA01F49829C60A5C00D0115A /* UIColor+.swift */ = {isa = PBXFileReference; lastKnownFileType = sourcecode.swift; path = "UIColor+.swift"; sourceTree = "<group>"; };
		AA01FD9729F5AB7100560C4A /* ItemStore.swift */ = {isa = PBXFileReference; lastKnownFileType = sourcecode.swift; path = ItemStore.swift; sourceTree = "<group>"; };
		AA01FD9929F6433C00560C4A /* UIImageView+.swift */ = {isa = PBXFileReference; lastKnownFileType = sourcecode.swift; path = "UIImageView+.swift"; sourceTree = "<group>"; };
		AA01FD9D29F6664800560C4A /* NetworkManager.swift */ = {isa = PBXFileReference; lastKnownFileType = sourcecode.swift; path = NetworkManager.swift; sourceTree = "<group>"; };
		AAA314DB29D6A201007502E2 /* SharinButton.swift */ = {isa = PBXFileReference; fileEncoding = 4; lastKnownFileType = sourcecode.swift; path = SharinButton.swift; sourceTree = "<group>"; };
		AAA314DC29D6A201007502E2 /* CameraViewModel.swift */ = {isa = PBXFileReference; fileEncoding = 4; lastKnownFileType = sourcecode.swift; path = CameraViewModel.swift; sourceTree = "<group>"; };
		AAA314DE29D6A201007502E2 /* ItemCell.swift */ = {isa = PBXFileReference; fileEncoding = 4; lastKnownFileType = sourcecode.swift; path = ItemCell.swift; sourceTree = "<group>"; };
		AAA314DF29D6A201007502E2 /* ItemPickerViewController.swift */ = {isa = PBXFileReference; fileEncoding = 4; lastKnownFileType = sourcecode.swift; path = ItemPickerViewController.swift; sourceTree = "<group>"; };
		AAA314E029D6A201007502E2 /* ItemPickerViewModel.swift */ = {isa = PBXFileReference; fileEncoding = 4; lastKnownFileType = sourcecode.swift; path = ItemPickerViewModel.swift; sourceTree = "<group>"; };
		AAA314E129D6A201007502E2 /* CameraViewController.swift */ = {isa = PBXFileReference; fileEncoding = 4; lastKnownFileType = sourcecode.swift; path = CameraViewController.swift; sourceTree = "<group>"; };
		AAA314EB29D6A23D007502E2 /* Item.swift */ = {isa = PBXFileReference; fileEncoding = 4; lastKnownFileType = sourcecode.swift; path = Item.swift; sourceTree = "<group>"; };
		AAA314ED29D6A25C007502E2 /* UIButton+.swift */ = {isa = PBXFileReference; fileEncoding = 4; lastKnownFileType = sourcecode.swift; path = "UIButton+.swift"; sourceTree = "<group>"; };
		AAA314EF29D6A2F8007502E2 /* CALayer+.swift */ = {isa = PBXFileReference; lastKnownFileType = sourcecode.swift; path = "CALayer+.swift"; sourceTree = "<group>"; };
		AAA7288129C61CC2007FD4EC /* UITabBar+.swift */ = {isa = PBXFileReference; lastKnownFileType = sourcecode.swift; path = "UITabBar+.swift"; sourceTree = "<group>"; };
		AAC3C1C629F59CA80083EE12 /* GoogleService-Info.plist */ = {isa = PBXFileReference; fileEncoding = 4; lastKnownFileType = text.plist.xml; path = "GoogleService-Info.plist"; sourceTree = "<group>"; };
		AAC3C7AD29DC285A00E7CE58 /* UIStackView+.swift */ = {isa = PBXFileReference; lastKnownFileType = sourcecode.swift; path = "UIStackView+.swift"; sourceTree = "<group>"; };
		AAC3C7B229DC62CC00E7CE58 /* CameraViewController+Option.swift */ = {isa = PBXFileReference; lastKnownFileType = sourcecode.swift; path = "CameraViewController+Option.swift"; sourceTree = "<group>"; };
		AAC3C7B429DC641A00E7CE58 /* CameraViewController+ARCoachingOverlayViewDelegate.swift */ = {isa = PBXFileReference; lastKnownFileType = sourcecode.swift; path = "CameraViewController+ARCoachingOverlayViewDelegate.swift"; sourceTree = "<group>"; };
		AAC3C7B629DC656700E7CE58 /* CameraViewController+ARSessionDelegate.swift */ = {isa = PBXFileReference; lastKnownFileType = sourcecode.swift; path = "CameraViewController+ARSessionDelegate.swift"; sourceTree = "<group>"; };
		AAC3C7BB29DC721800E7CE58 /* FocusARView.swift */ = {isa = PBXFileReference; lastKnownFileType = sourcecode.swift; path = FocusARView.swift; sourceTree = "<group>"; };
/* End PBXFileReference section */

/* Begin PBXFrameworksBuildPhase section */
		AA01F46A29C606E200D0115A /* Frameworks */ = {
			isa = PBXFrameworksBuildPhase;
			buildActionMask = 2147483647;
			files = (
				AAC3C1CE29F59D460083EE12 /* FirebaseFirestoreSwift in Frameworks */,
				AAC3C7BA29DC719E00E7CE58 /* FocusEntity in Frameworks */,
				AAC3C1CC29F59D460083EE12 /* FirebaseFirestoreCombine-Community in Frameworks */,
				AAC3C7AC29DC270800E7CE58 /* CombineCocoa in Frameworks */,
				AAC3C1CA29F59D460083EE12 /* FirebaseFirestore in Frameworks */,
			);
			runOnlyForDeploymentPostprocessing = 0;
		};
/* End PBXFrameworksBuildPhase section */

/* Begin PBXGroup section */
		6F9CF97729F1662C0015BE16 /* Preview */ = {
			isa = PBXGroup;
			children = (
				6F9CF97829F166420015BE16 /* SharinButtonView.swift */,
			);
			path = Preview;
			sourceTree = "<group>";
		};
		AA01F46429C606E200D0115A = {
			isa = PBXGroup;
			children = (
				AA01F46F29C606E200D0115A /* Sharin */,
				AA01F46E29C606E200D0115A /* Products */,
			);
			sourceTree = "<group>";
		};
		AA01F46E29C606E200D0115A /* Products */ = {
			isa = PBXGroup;
			children = (
				AA01F46D29C606E200D0115A /* Sharin.app */,
			);
			name = Products;
			sourceTree = "<group>";
		};
		AA01F46F29C606E200D0115A /* Sharin */ = {
			isa = PBXGroup;
			children = (
				AAC3C1C629F59CA80083EE12 /* GoogleService-Info.plist */,
				AA01F47029C606E200D0115A /* AppDelegate.swift */,
				AA01F47229C606E200D0115A /* SceneDelegate.swift */,
				AA01F47429C606E200D0115A /* ContentViewController.swift */,
				AA01FD9729F5AB7100560C4A /* ItemStore.swift */,
				AA01FD9D29F6664800560C4A /* NetworkManager.swift */,
				6F9CF97729F1662C0015BE16 /* Preview */,
				AAA314EA29D6A23D007502E2 /* Model */,
				AAA314DA29D6A201007502E2 /* CameraView */,
				AA01F49729C60A4D00D0115A /* Extension */,
				AA01F47929C606E400D0115A /* Assets.xcassets */,
				AA01F48429C6088000D0115A /* contents */,
				AA01F47B29C606E400D0115A /* LaunchScreen.storyboard */,
				AA01F47E29C606E400D0115A /* Info.plist */,
			);
			path = Sharin;
			sourceTree = "<group>";
		};
		AA01F48429C6088000D0115A /* contents */ = {
			isa = PBXGroup;
			children = (
				AA01F48729C6089300D0115A /* flower_tulip.usdz */,
				AA01F48929C6089400D0115A /* gramophone.usdz */,
				AA01F48529C6089200D0115A /* tv_retro.usdz */,
				AA01F48629C6089200D0115A /* wateringcan.usdz */,
			);
			path = contents;
			sourceTree = "<group>";
		};
		AA01F49729C60A4D00D0115A /* Extension */ = {
			isa = PBXGroup;
			children = (
				AA01F49829C60A5C00D0115A /* UIColor+.swift */,
				AAA314ED29D6A25C007502E2 /* UIButton+.swift */,
				AAA7288129C61CC2007FD4EC /* UITabBar+.swift */,
				AAA314EF29D6A2F8007502E2 /* CALayer+.swift */,
				AAC3C7AD29DC285A00E7CE58 /* UIStackView+.swift */,
				AAC3C7B229DC62CC00E7CE58 /* CameraViewController+Option.swift */,
				AAC3C7B429DC641A00E7CE58 /* CameraViewController+ARCoachingOverlayViewDelegate.swift */,
				AAC3C7B629DC656700E7CE58 /* CameraViewController+ARSessionDelegate.swift */,
				AA01FD9929F6433C00560C4A /* UIImageView+.swift */,
			);
			path = Extension;
			sourceTree = "<group>";
		};
		AAA314DA29D6A201007502E2 /* CameraView */ = {
			isa = PBXGroup;
			children = (
				AAA314DB29D6A201007502E2 /* SharinButton.swift */,
				AAA314DC29D6A201007502E2 /* CameraViewModel.swift */,
				AAA314E129D6A201007502E2 /* CameraViewController.swift */,
				AAC3C7BB29DC721800E7CE58 /* FocusARView.swift */,
				AAA314DD29D6A201007502E2 /* ItemPickerView */,
			);
			path = CameraView;
			sourceTree = "<group>";
		};
		AAA314DD29D6A201007502E2 /* ItemPickerView */ = {
			isa = PBXGroup;
			children = (
				AAA314DE29D6A201007502E2 /* ItemCell.swift */,
				AAA314DF29D6A201007502E2 /* ItemPickerViewController.swift */,
				AAA314E029D6A201007502E2 /* ItemPickerViewModel.swift */,
			);
			path = ItemPickerView;
			sourceTree = "<group>";
		};
		AAA314EA29D6A23D007502E2 /* Model */ = {
			isa = PBXGroup;
			children = (
				AAA314EB29D6A23D007502E2 /* Item.swift */,
			);
			path = Model;
			sourceTree = "<group>";
		};
/* End PBXGroup section */

/* Begin PBXNativeTarget section */
		AA01F46C29C606E200D0115A /* Sharin */ = {
			isa = PBXNativeTarget;
			buildConfigurationList = AA01F48129C606E400D0115A /* Build configuration list for PBXNativeTarget "Sharin" */;
			buildPhases = (
				AA01F46929C606E200D0115A /* Sources */,
				AA01F46A29C606E200D0115A /* Frameworks */,
				AA01F46B29C606E200D0115A /* Resources */,
			);
			buildRules = (
			);
			dependencies = (
			);
			name = Sharin;
			packageProductDependencies = (
				AAC3C7AB29DC270800E7CE58 /* CombineCocoa */,
				AAC3C7B929DC719E00E7CE58 /* FocusEntity */,
				AAC3C1C929F59D460083EE12 /* FirebaseFirestore */,
				AAC3C1CB29F59D460083EE12 /* FirebaseFirestoreCombine-Community */,
				AAC3C1CD29F59D460083EE12 /* FirebaseFirestoreSwift */,
			);
			productName = Sharin;
			productReference = AA01F46D29C606E200D0115A /* Sharin.app */;
			productType = "com.apple.product-type.application";
		};
/* End PBXNativeTarget section */

/* Begin PBXProject section */
		AA01F46529C606E200D0115A /* Project object */ = {
			isa = PBXProject;
			attributes = {
				BuildIndependentTargetsInParallel = 1;
				LastSwiftUpdateCheck = 1420;
				LastUpgradeCheck = 1420;
				TargetAttributes = {
					AA01F46C29C606E200D0115A = {
						CreatedOnToolsVersion = 14.2;
					};
				};
			};
			buildConfigurationList = AA01F46829C606E200D0115A /* Build configuration list for PBXProject "Sharin" */;
			compatibilityVersion = "Xcode 14.0";
			developmentRegion = en;
			hasScannedForEncodings = 0;
			knownRegions = (
				en,
				Base,
			);
			mainGroup = AA01F46429C606E200D0115A;
			packageReferences = (
				AAC3C7AA29DC270800E7CE58 /* XCRemoteSwiftPackageReference "CombineCocoa" */,
				AAC3C7B829DC719E00E7CE58 /* XCRemoteSwiftPackageReference "FocusEntity" */,
				AAC3C1C829F59D460083EE12 /* XCRemoteSwiftPackageReference "firebase-ios-sdk" */,
			);
			productRefGroup = AA01F46E29C606E200D0115A /* Products */;
			projectDirPath = "";
			projectRoot = "";
			targets = (
				AA01F46C29C606E200D0115A /* Sharin */,
			);
		};
/* End PBXProject section */

/* Begin PBXResourcesBuildPhase section */
		AA01F46B29C606E200D0115A /* Resources */ = {
			isa = PBXResourcesBuildPhase;
			buildActionMask = 2147483647;
			files = (
				AA01F47D29C606E400D0115A /* LaunchScreen.storyboard in Resources */,
				AA01F47A29C606E400D0115A /* Assets.xcassets in Resources */,
				AA01F49229C6089600D0115A /* gramophone.usdz in Resources */,
				AA01F48E29C6089600D0115A /* tv_retro.usdz in Resources */,
				AA01F49029C6089600D0115A /* flower_tulip.usdz in Resources */,
				AA01F48F29C6089600D0115A /* wateringcan.usdz in Resources */,
				AAC3C1C729F59CA80083EE12 /* GoogleService-Info.plist in Resources */,
			);
			runOnlyForDeploymentPostprocessing = 0;
		};
/* End PBXResourcesBuildPhase section */

/* Begin PBXSourcesBuildPhase section */
		AA01F46929C606E200D0115A /* Sources */ = {
			isa = PBXSourcesBuildPhase;
			buildActionMask = 2147483647;
			files = (
				AA01FD9E29F6664800560C4A /* NetworkManager.swift in Sources */,
				AAC3C7B729DC656700E7CE58 /* CameraViewController+ARSessionDelegate.swift in Sources */,
				AA01F47529C606E200D0115A /* ContentViewController.swift in Sources */,
				AAA314EE29D6A25C007502E2 /* UIButton+.swift in Sources */,
				AAA314E429D6A201007502E2 /* ItemCell.swift in Sources */,
				AA01F49929C60A5C00D0115A /* UIColor+.swift in Sources */,
				AA01FD9829F5AB7100560C4A /* ItemStore.swift in Sources */,
				6F9CF97929F166420015BE16 /* SharinButtonView.swift in Sources */,
				AAA314E229D6A201007502E2 /* SharinButton.swift in Sources */,
				AAA314E729D6A201007502E2 /* CameraViewController.swift in Sources */,
				AAA314E629D6A201007502E2 /* ItemPickerViewModel.swift in Sources */,
				AAA314F029D6A2F8007502E2 /* CALayer+.swift in Sources */,
				AAC3C7B329DC62CC00E7CE58 /* CameraViewController+Option.swift in Sources */,
				AA01FD9A29F6433C00560C4A /* UIImageView+.swift in Sources */,
				AAA314E529D6A201007502E2 /* ItemPickerViewController.swift in Sources */,
				AAA314EC29D6A23D007502E2 /* Item.swift in Sources */,
				AAC3C7AE29DC285A00E7CE58 /* UIStackView+.swift in Sources */,
				AAC3C7B529DC641A00E7CE58 /* CameraViewController+ARCoachingOverlayViewDelegate.swift in Sources */,
				AA01F47129C606E200D0115A /* AppDelegate.swift in Sources */,
				AAC3C7BC29DC721800E7CE58 /* FocusARView.swift in Sources */,
				AAA314E329D6A201007502E2 /* CameraViewModel.swift in Sources */,
				AAA7288229C61CC2007FD4EC /* UITabBar+.swift in Sources */,
				AA01F47329C606E200D0115A /* SceneDelegate.swift in Sources */,
			);
			runOnlyForDeploymentPostprocessing = 0;
		};
/* End PBXSourcesBuildPhase section */

/* Begin PBXVariantGroup section */
		AA01F47B29C606E400D0115A /* LaunchScreen.storyboard */ = {
			isa = PBXVariantGroup;
			children = (
				AA01F47C29C606E400D0115A /* Base */,
			);
			name = LaunchScreen.storyboard;
			sourceTree = "<group>";
		};
/* End PBXVariantGroup section */

/* Begin XCBuildConfiguration section */
		AA01F47F29C606E400D0115A /* Debug */ = {
			isa = XCBuildConfiguration;
			buildSettings = {
				ALWAYS_SEARCH_USER_PATHS = NO;
				CLANG_ANALYZER_NONNULL = YES;
				CLANG_ANALYZER_NUMBER_OBJECT_CONVERSION = YES_AGGRESSIVE;
				CLANG_CXX_LANGUAGE_STANDARD = "gnu++20";
				CLANG_ENABLE_MODULES = YES;
				CLANG_ENABLE_OBJC_ARC = YES;
				CLANG_ENABLE_OBJC_WEAK = YES;
				CLANG_WARN_BLOCK_CAPTURE_AUTORELEASING = YES;
				CLANG_WARN_BOOL_CONVERSION = YES;
				CLANG_WARN_COMMA = YES;
				CLANG_WARN_CONSTANT_CONVERSION = YES;
				CLANG_WARN_DEPRECATED_OBJC_IMPLEMENTATIONS = YES;
				CLANG_WARN_DIRECT_OBJC_ISA_USAGE = YES_ERROR;
				CLANG_WARN_DOCUMENTATION_COMMENTS = YES;
				CLANG_WARN_EMPTY_BODY = YES;
				CLANG_WARN_ENUM_CONVERSION = YES;
				CLANG_WARN_INFINITE_RECURSION = YES;
				CLANG_WARN_INT_CONVERSION = YES;
				CLANG_WARN_NON_LITERAL_NULL_CONVERSION = YES;
				CLANG_WARN_OBJC_IMPLICIT_RETAIN_SELF = YES;
				CLANG_WARN_OBJC_LITERAL_CONVERSION = YES;
				CLANG_WARN_OBJC_ROOT_CLASS = YES_ERROR;
				CLANG_WARN_QUOTED_INCLUDE_IN_FRAMEWORK_HEADER = YES;
				CLANG_WARN_RANGE_LOOP_ANALYSIS = YES;
				CLANG_WARN_STRICT_PROTOTYPES = YES;
				CLANG_WARN_SUSPICIOUS_MOVE = YES;
				CLANG_WARN_UNGUARDED_AVAILABILITY = YES_AGGRESSIVE;
				CLANG_WARN_UNREACHABLE_CODE = YES;
				CLANG_WARN__DUPLICATE_METHOD_MATCH = YES;
				COPY_PHASE_STRIP = NO;
				DEBUG_INFORMATION_FORMAT = dwarf;
				ENABLE_STRICT_OBJC_MSGSEND = YES;
				ENABLE_TESTABILITY = YES;
				GCC_C_LANGUAGE_STANDARD = gnu11;
				GCC_DYNAMIC_NO_PIC = NO;
				GCC_NO_COMMON_BLOCKS = YES;
				GCC_OPTIMIZATION_LEVEL = 0;
				GCC_PREPROCESSOR_DEFINITIONS = (
					"DEBUG=1",
					"$(inherited)",
				);
				GCC_WARN_64_TO_32_BIT_CONVERSION = YES;
				GCC_WARN_ABOUT_RETURN_TYPE = YES_ERROR;
				GCC_WARN_UNDECLARED_SELECTOR = YES;
				GCC_WARN_UNINITIALIZED_AUTOS = YES_AGGRESSIVE;
				GCC_WARN_UNUSED_FUNCTION = YES;
				GCC_WARN_UNUSED_VARIABLE = YES;
				IPHONEOS_DEPLOYMENT_TARGET = 16.2;
				MTL_ENABLE_DEBUG_INFO = INCLUDE_SOURCE;
				MTL_FAST_MATH = YES;
				ONLY_ACTIVE_ARCH = YES;
				SDKROOT = iphoneos;
				SWIFT_ACTIVE_COMPILATION_CONDITIONS = DEBUG;
				SWIFT_OPTIMIZATION_LEVEL = "-Onone";
			};
			name = Debug;
		};
		AA01F48029C606E400D0115A /* Release */ = {
			isa = XCBuildConfiguration;
			buildSettings = {
				ALWAYS_SEARCH_USER_PATHS = NO;
				CLANG_ANALYZER_NONNULL = YES;
				CLANG_ANALYZER_NUMBER_OBJECT_CONVERSION = YES_AGGRESSIVE;
				CLANG_CXX_LANGUAGE_STANDARD = "gnu++20";
				CLANG_ENABLE_MODULES = YES;
				CLANG_ENABLE_OBJC_ARC = YES;
				CLANG_ENABLE_OBJC_WEAK = YES;
				CLANG_WARN_BLOCK_CAPTURE_AUTORELEASING = YES;
				CLANG_WARN_BOOL_CONVERSION = YES;
				CLANG_WARN_COMMA = YES;
				CLANG_WARN_CONSTANT_CONVERSION = YES;
				CLANG_WARN_DEPRECATED_OBJC_IMPLEMENTATIONS = YES;
				CLANG_WARN_DIRECT_OBJC_ISA_USAGE = YES_ERROR;
				CLANG_WARN_DOCUMENTATION_COMMENTS = YES;
				CLANG_WARN_EMPTY_BODY = YES;
				CLANG_WARN_ENUM_CONVERSION = YES;
				CLANG_WARN_INFINITE_RECURSION = YES;
				CLANG_WARN_INT_CONVERSION = YES;
				CLANG_WARN_NON_LITERAL_NULL_CONVERSION = YES;
				CLANG_WARN_OBJC_IMPLICIT_RETAIN_SELF = YES;
				CLANG_WARN_OBJC_LITERAL_CONVERSION = YES;
				CLANG_WARN_OBJC_ROOT_CLASS = YES_ERROR;
				CLANG_WARN_QUOTED_INCLUDE_IN_FRAMEWORK_HEADER = YES;
				CLANG_WARN_RANGE_LOOP_ANALYSIS = YES;
				CLANG_WARN_STRICT_PROTOTYPES = YES;
				CLANG_WARN_SUSPICIOUS_MOVE = YES;
				CLANG_WARN_UNGUARDED_AVAILABILITY = YES_AGGRESSIVE;
				CLANG_WARN_UNREACHABLE_CODE = YES;
				CLANG_WARN__DUPLICATE_METHOD_MATCH = YES;
				COPY_PHASE_STRIP = NO;
				DEBUG_INFORMATION_FORMAT = "dwarf-with-dsym";
				ENABLE_NS_ASSERTIONS = NO;
				ENABLE_STRICT_OBJC_MSGSEND = YES;
				GCC_C_LANGUAGE_STANDARD = gnu11;
				GCC_NO_COMMON_BLOCKS = YES;
				GCC_WARN_64_TO_32_BIT_CONVERSION = YES;
				GCC_WARN_ABOUT_RETURN_TYPE = YES_ERROR;
				GCC_WARN_UNDECLARED_SELECTOR = YES;
				GCC_WARN_UNINITIALIZED_AUTOS = YES_AGGRESSIVE;
				GCC_WARN_UNUSED_FUNCTION = YES;
				GCC_WARN_UNUSED_VARIABLE = YES;
				IPHONEOS_DEPLOYMENT_TARGET = 16.2;
				MTL_ENABLE_DEBUG_INFO = NO;
				MTL_FAST_MATH = YES;
				SDKROOT = iphoneos;
				SWIFT_COMPILATION_MODE = wholemodule;
				SWIFT_OPTIMIZATION_LEVEL = "-O";
				VALIDATE_PRODUCT = YES;
			};
			name = Release;
		};
		AA01F48229C606E400D0115A /* Debug */ = {
			isa = XCBuildConfiguration;
			buildSettings = {
				ASSETCATALOG_COMPILER_APPICON_NAME = AppIcon;
				ASSETCATALOG_COMPILER_GLOBAL_ACCENT_COLOR_NAME = AccentColor;
				CODE_SIGN_STYLE = Automatic;
				CURRENT_PROJECT_VERSION = 1;
				DEVELOPMENT_TEAM = WPL7Q42L8U;
				GENERATE_INFOPLIST_FILE = YES;
				INFOPLIST_FILE = Sharin/Info.plist;
				INFOPLIST_KEY_CFBundleDisplayName = Sharin;
				INFOPLIST_KEY_LSApplicationCategoryType = "public.app-category.social-networking";
				INFOPLIST_KEY_NSCameraUsageDescription = "Sharin이 카메라에 접근권한을 요청합니다.";
				INFOPLIST_KEY_UIApplicationSupportsIndirectInputEvents = YES;
				INFOPLIST_KEY_UILaunchStoryboardName = LaunchScreen;
				INFOPLIST_KEY_UISupportedInterfaceOrientations_iPad = "UIInterfaceOrientationPortrait UIInterfaceOrientationPortraitUpsideDown UIInterfaceOrientationLandscapeLeft UIInterfaceOrientationLandscapeRight";
				INFOPLIST_KEY_UISupportedInterfaceOrientations_iPhone = "UIInterfaceOrientationPortrait UIInterfaceOrientationLandscapeLeft UIInterfaceOrientationLandscapeRight";
				LD_RUNPATH_SEARCH_PATHS = (
					"$(inherited)",
					"@executable_path/Frameworks",
				);
				MARKETING_VERSION = 1.0;
				PRODUCT_BUNDLE_IDENTIFIER = com.skh.Sharin;
				PRODUCT_NAME = "$(TARGET_NAME)";
				SWIFT_EMIT_LOC_STRINGS = YES;
				SWIFT_VERSION = 5.0;
				TARGETED_DEVICE_FAMILY = "1,2";
			};
			name = Debug;
		};
		AA01F48329C606E400D0115A /* Release */ = {
			isa = XCBuildConfiguration;
			buildSettings = {
				ASSETCATALOG_COMPILER_APPICON_NAME = AppIcon;
				ASSETCATALOG_COMPILER_GLOBAL_ACCENT_COLOR_NAME = AccentColor;
				CODE_SIGN_STYLE = Automatic;
				CURRENT_PROJECT_VERSION = 1;
				DEVELOPMENT_TEAM = WPL7Q42L8U;
				GENERATE_INFOPLIST_FILE = YES;
				INFOPLIST_FILE = Sharin/Info.plist;
				INFOPLIST_KEY_CFBundleDisplayName = Sharin;
				INFOPLIST_KEY_LSApplicationCategoryType = "public.app-category.social-networking";
				INFOPLIST_KEY_NSCameraUsageDescription = "Sharin이 카메라에 접근권한을 요청합니다.";
				INFOPLIST_KEY_UIApplicationSupportsIndirectInputEvents = YES;
				INFOPLIST_KEY_UILaunchStoryboardName = LaunchScreen;
				INFOPLIST_KEY_UISupportedInterfaceOrientations_iPad = "UIInterfaceOrientationPortrait UIInterfaceOrientationPortraitUpsideDown UIInterfaceOrientationLandscapeLeft UIInterfaceOrientationLandscapeRight";
				INFOPLIST_KEY_UISupportedInterfaceOrientations_iPhone = "UIInterfaceOrientationPortrait UIInterfaceOrientationLandscapeLeft UIInterfaceOrientationLandscapeRight";
				LD_RUNPATH_SEARCH_PATHS = (
					"$(inherited)",
					"@executable_path/Frameworks",
				);
				MARKETING_VERSION = 1.0;
				PRODUCT_BUNDLE_IDENTIFIER = com.skh.Sharin;
				PRODUCT_NAME = "$(TARGET_NAME)";
				SWIFT_EMIT_LOC_STRINGS = YES;
				SWIFT_VERSION = 5.0;
				TARGETED_DEVICE_FAMILY = "1,2";
			};
			name = Release;
		};
/* End XCBuildConfiguration section */

/* Begin XCConfigurationList section */
		AA01F46829C606E200D0115A /* Build configuration list for PBXProject "Sharin" */ = {
			isa = XCConfigurationList;
			buildConfigurations = (
				AA01F47F29C606E400D0115A /* Debug */,
				AA01F48029C606E400D0115A /* Release */,
			);
			defaultConfigurationIsVisible = 0;
			defaultConfigurationName = Release;
		};
		AA01F48129C606E400D0115A /* Build configuration list for PBXNativeTarget "Sharin" */ = {
			isa = XCConfigurationList;
			buildConfigurations = (
				AA01F48229C606E400D0115A /* Debug */,
				AA01F48329C606E400D0115A /* Release */,
			);
			defaultConfigurationIsVisible = 0;
			defaultConfigurationName = Release;
		};
/* End XCConfigurationList section */

/* Begin XCRemoteSwiftPackageReference section */
		AAC3C1C829F59D460083EE12 /* XCRemoteSwiftPackageReference "firebase-ios-sdk" */ = {
			isa = XCRemoteSwiftPackageReference;
			repositoryURL = "https://github.com/firebase/firebase-ios-sdk";
			requirement = {
				kind = upToNextMajorVersion;
				minimumVersion = 10.0.0;
			};
		};
		AAC3C7AA29DC270800E7CE58 /* XCRemoteSwiftPackageReference "CombineCocoa" */ = {
			isa = XCRemoteSwiftPackageReference;
			repositoryURL = "https://github.com/CombineCommunity/CombineCocoa.git";
			requirement = {
				kind = upToNextMajorVersion;
				minimumVersion = 0.4.1;
			};
		};
		AAC3C7B829DC719E00E7CE58 /* XCRemoteSwiftPackageReference "FocusEntity" */ = {
			isa = XCRemoteSwiftPackageReference;
			repositoryURL = "https://github.com/maxxfrazer/FocusEntity.git";
			requirement = {
				kind = upToNextMajorVersion;
				minimumVersion = 2.0.0;
			};
		};
/* End XCRemoteSwiftPackageReference section */

/* Begin XCSwiftPackageProductDependency section */
		AAC3C1C929F59D460083EE12 /* FirebaseFirestore */ = {
			isa = XCSwiftPackageProductDependency;
			package = AAC3C1C829F59D460083EE12 /* XCRemoteSwiftPackageReference "firebase-ios-sdk" */;
			productName = FirebaseFirestore;
		};
		AAC3C1CB29F59D460083EE12 /* FirebaseFirestoreCombine-Community */ = {
			isa = XCSwiftPackageProductDependency;
			package = AAC3C1C829F59D460083EE12 /* XCRemoteSwiftPackageReference "firebase-ios-sdk" */;
			productName = "FirebaseFirestoreCombine-Community";
		};
		AAC3C1CD29F59D460083EE12 /* FirebaseFirestoreSwift */ = {
			isa = XCSwiftPackageProductDependency;
			package = AAC3C1C829F59D460083EE12 /* XCRemoteSwiftPackageReference "firebase-ios-sdk" */;
			productName = FirebaseFirestoreSwift;
		};
		AAC3C7AB29DC270800E7CE58 /* CombineCocoa */ = {
			isa = XCSwiftPackageProductDependency;
			package = AAC3C7AA29DC270800E7CE58 /* XCRemoteSwiftPackageReference "CombineCocoa" */;
			productName = CombineCocoa;
		};
		AAC3C7B929DC719E00E7CE58 /* FocusEntity */ = {
			isa = XCSwiftPackageProductDependency;
			package = AAC3C7B829DC719E00E7CE58 /* XCRemoteSwiftPackageReference "FocusEntity" */;
			productName = FocusEntity;
		};
/* End XCSwiftPackageProductDependency section */
	};
	rootObject = AA01F46529C606E200D0115A /* Project object */;
}
